// !$*UTF8*$!
{
	archiveVersion = 1;
	classes = {
	};
	objectVersion = 50;
	objects = {

/* Begin PBXBuildFile section */
		C16177CD22A2A619005E2AF5 /* AppDelegate.swift in Sources */ = {isa = PBXBuildFile; fileRef = C16177CC22A2A619005E2AF5 /* AppDelegate.swift */; };
		C16177CF22A2A619005E2AF5 /* ForecastViewController.swift in Sources */ = {isa = PBXBuildFile; fileRef = C16177CE22A2A619005E2AF5 /* ForecastViewController.swift */; };
		C16177D222A2A619005E2AF5 /* Main.storyboard in Resources */ = {isa = PBXBuildFile; fileRef = C16177D022A2A619005E2AF5 /* Main.storyboard */; };
		C16177D522A2A619005E2AF5 /* Weather.xcdatamodeld in Sources */ = {isa = PBXBuildFile; fileRef = C16177D322A2A619005E2AF5 /* Weather.xcdatamodeld */; };
		C16177D722A2A61C005E2AF5 /* Assets.xcassets in Resources */ = {isa = PBXBuildFile; fileRef = C16177D622A2A61C005E2AF5 /* Assets.xcassets */; };
		C16177DA22A2A61C005E2AF5 /* LaunchScreen.storyboard in Resources */ = {isa = PBXBuildFile; fileRef = C16177D822A2A61C005E2AF5 /* LaunchScreen.storyboard */; };
		C16177E522A2A61C005E2AF5 /* WeatherTests.swift in Sources */ = {isa = PBXBuildFile; fileRef = C16177E422A2A61C005E2AF5 /* WeatherTests.swift */; };
		C16177F622A2A747005E2AF5 /* Storyboarded.swift in Sources */ = {isa = PBXBuildFile; fileRef = C16177F522A2A747005E2AF5 /* Storyboarded.swift */; };
		C16177F822A2A774005E2AF5 /* Coordinator.swift in Sources */ = {isa = PBXBuildFile; fileRef = C16177F722A2A774005E2AF5 /* Coordinator.swift */; };
		C16177FA22A2A797005E2AF5 /* MainCoordinator.swift in Sources */ = {isa = PBXBuildFile; fileRef = C16177F922A2A797005E2AF5 /* MainCoordinator.swift */; };
/* End PBXBuildFile section */

/* Begin PBXContainerItemProxy section */
		C16177E122A2A61C005E2AF5 /* PBXContainerItemProxy */ = {
			isa = PBXContainerItemProxy;
			containerPortal = C16177C122A2A619005E2AF5 /* Project object */;
			proxyType = 1;
			remoteGlobalIDString = C16177C822A2A619005E2AF5;
			remoteInfo = Weather;
		};
/* End PBXContainerItemProxy section */

/* Begin PBXFileReference section */
		C16177C922A2A619005E2AF5 /* Weather.app */ = {isa = PBXFileReference; explicitFileType = wrapper.application; includeInIndex = 0; path = Weather.app; sourceTree = BUILT_PRODUCTS_DIR; };
		C16177CC22A2A619005E2AF5 /* AppDelegate.swift */ = {isa = PBXFileReference; lastKnownFileType = sourcecode.swift; path = AppDelegate.swift; sourceTree = "<group>"; };
		C16177CE22A2A619005E2AF5 /* ForecastViewController.swift */ = {isa = PBXFileReference; lastKnownFileType = sourcecode.swift; path = ForecastViewController.swift; sourceTree = "<group>"; };
		C16177D122A2A619005E2AF5 /* Base */ = {isa = PBXFileReference; lastKnownFileType = file.storyboard; name = Base; path = Base.lproj/Main.storyboard; sourceTree = "<group>"; };
		C16177D422A2A619005E2AF5 /* Weather.xcdatamodel */ = {isa = PBXFileReference; lastKnownFileType = wrapper.xcdatamodel; path = Weather.xcdatamodel; sourceTree = "<group>"; };
		C16177D622A2A61C005E2AF5 /* Assets.xcassets */ = {isa = PBXFileReference; lastKnownFileType = folder.assetcatalog; path = Assets.xcassets; sourceTree = "<group>"; };
		C16177D922A2A61C005E2AF5 /* Base */ = {isa = PBXFileReference; lastKnownFileType = file.storyboard; name = Base; path = Base.lproj/LaunchScreen.storyboard; sourceTree = "<group>"; };
		C16177DB22A2A61C005E2AF5 /* Info.plist */ = {isa = PBXFileReference; lastKnownFileType = text.plist.xml; path = Info.plist; sourceTree = "<group>"; };
		C16177E022A2A61C005E2AF5 /* WeatherTests.xctest */ = {isa = PBXFileReference; explicitFileType = wrapper.cfbundle; includeInIndex = 0; path = WeatherTests.xctest; sourceTree = BUILT_PRODUCTS_DIR; };
		C16177E422A2A61C005E2AF5 /* WeatherTests.swift */ = {isa = PBXFileReference; lastKnownFileType = sourcecode.swift; path = WeatherTests.swift; sourceTree = "<group>"; };
		C16177E622A2A61C005E2AF5 /* Info.plist */ = {isa = PBXFileReference; lastKnownFileType = text.plist.xml; path = Info.plist; sourceTree = "<group>"; };
		C16177F522A2A747005E2AF5 /* Storyboarded.swift */ = {isa = PBXFileReference; lastKnownFileType = sourcecode.swift; path = Storyboarded.swift; sourceTree = "<group>"; };
		C16177F722A2A774005E2AF5 /* Coordinator.swift */ = {isa = PBXFileReference; lastKnownFileType = sourcecode.swift; path = Coordinator.swift; sourceTree = "<group>"; };
		C16177F922A2A797005E2AF5 /* MainCoordinator.swift */ = {isa = PBXFileReference; lastKnownFileType = sourcecode.swift; path = MainCoordinator.swift; sourceTree = "<group>"; };
/* End PBXFileReference section */

/* Begin PBXFrameworksBuildPhase section */
		C16177C622A2A619005E2AF5 /* Frameworks */ = {
			isa = PBXFrameworksBuildPhase;
			buildActionMask = 2147483647;
			files = (
			);
			runOnlyForDeploymentPostprocessing = 0;
		};
		C16177DD22A2A61C005E2AF5 /* Frameworks */ = {
			isa = PBXFrameworksBuildPhase;
			buildActionMask = 2147483647;
			files = (
			);
			runOnlyForDeploymentPostprocessing = 0;
		};
/* End PBXFrameworksBuildPhase section */

/* Begin PBXGroup section */
		C16177C022A2A619005E2AF5 = {
			isa = PBXGroup;
			children = (
				C16177CB22A2A619005E2AF5 /* Weather */,
				C16177E322A2A61C005E2AF5 /* WeatherTests */,
				C16177CA22A2A619005E2AF5 /* Products */,
			);
			sourceTree = "<group>";
		};
		C16177CA22A2A619005E2AF5 /* Products */ = {
			isa = PBXGroup;
			children = (
				C16177C922A2A619005E2AF5 /* Weather.app */,
				C16177E022A2A61C005E2AF5 /* WeatherTests.xctest */,
			);
			name = Products;
			sourceTree = "<group>";
		};
		C16177CB22A2A619005E2AF5 /* Weather */ = {
			isa = PBXGroup;
			children = (
				C16177F422A2A68F005E2AF5 /* ViewController */,
				C16177F322A2A682005E2AF5 /* Network */,
				C16177F222A2A675005E2AF5 /* Store */,
				C16177F122A2A66D005E2AF5 /* ViewModel */,
				C16177F022A2A661005E2AF5 /* View */,
				C16177EF22A2A655005E2AF5 /* Coordinator */,
				C16177CC22A2A619005E2AF5 /* AppDelegate.swift */,
				C16177D022A2A619005E2AF5 /* Main.storyboard */,
				C16177D622A2A61C005E2AF5 /* Assets.xcassets */,
				C16177D822A2A61C005E2AF5 /* LaunchScreen.storyboard */,
				C16177DB22A2A61C005E2AF5 /* Info.plist */,
				C16177D322A2A619005E2AF5 /* Weather.xcdatamodeld */,
			);
			path = Weather;
			sourceTree = "<group>";
		};
		C16177E322A2A61C005E2AF5 /* WeatherTests */ = {
			isa = PBXGroup;
			children = (
				C16177E422A2A61C005E2AF5 /* WeatherTests.swift */,
				C16177E622A2A61C005E2AF5 /* Info.plist */,
			);
			path = WeatherTests;
			sourceTree = "<group>";
		};
		C16177EF22A2A655005E2AF5 /* Coordinator */ = {
			isa = PBXGroup;
			children = (
				C16177F522A2A747005E2AF5 /* Storyboarded.swift */,
				C16177F722A2A774005E2AF5 /* Coordinator.swift */,
				C16177F922A2A797005E2AF5 /* MainCoordinator.swift */,
			);
			path = Coordinator;
			sourceTree = "<group>";
		};
		C16177F022A2A661005E2AF5 /* View */ = {
			isa = PBXGroup;
			children = (
			);
			path = View;
			sourceTree = "<group>";
		};
		C16177F122A2A66D005E2AF5 /* ViewModel */ = {
			isa = PBXGroup;
			children = (
			);
			path = ViewModel;
			sourceTree = "<group>";
		};
		C16177F222A2A675005E2AF5 /* Store */ = {
			isa = PBXGroup;
			children = (
			);
			path = Store;
			sourceTree = "<group>";
		};
		C16177F322A2A682005E2AF5 /* Network */ = {
			isa = PBXGroup;
			children = (
			);
			path = Network;
			sourceTree = "<group>";
		};
		C16177F422A2A68F005E2AF5 /* ViewController */ = {
			isa = PBXGroup;
			children = (
				C16177CE22A2A619005E2AF5 /* ForecastViewController.swift */,
			);
			path = ViewController;
			sourceTree = "<group>";
		};
/* End PBXGroup section */

/* Begin PBXNativeTarget section */
		C16177C822A2A619005E2AF5 /* Weather */ = {
			isa = PBXNativeTarget;
			buildConfigurationList = C16177E922A2A61C005E2AF5 /* Build configuration list for PBXNativeTarget "Weather" */;
			buildPhases = (
				C16177C522A2A619005E2AF5 /* Sources */,
				C16177C622A2A619005E2AF5 /* Frameworks */,
				C16177C722A2A619005E2AF5 /* Resources */,
			);
			buildRules = (
			);
			dependencies = (
			);
			name = Weather;
			productName = Weather;
			productReference = C16177C922A2A619005E2AF5 /* Weather.app */;
			productType = "com.apple.product-type.application";
		};
		C16177DF22A2A61C005E2AF5 /* WeatherTests */ = {
			isa = PBXNativeTarget;
			buildConfigurationList = C16177EC22A2A61C005E2AF5 /* Build configuration list for PBXNativeTarget "WeatherTests" */;
			buildPhases = (
				C16177DC22A2A61C005E2AF5 /* Sources */,
				C16177DD22A2A61C005E2AF5 /* Frameworks */,
				C16177DE22A2A61C005E2AF5 /* Resources */,
			);
			buildRules = (
			);
			dependencies = (
				C16177E222A2A61C005E2AF5 /* PBXTargetDependency */,
			);
			name = WeatherTests;
			productName = WeatherTests;
			productReference = C16177E022A2A61C005E2AF5 /* WeatherTests.xctest */;
			productType = "com.apple.product-type.bundle.unit-test";
		};
/* End PBXNativeTarget section */

/* Begin PBXProject section */
		C16177C122A2A619005E2AF5 /* Project object */ = {
			isa = PBXProject;
			attributes = {
				LastSwiftUpdateCheck = 1020;
				LastUpgradeCheck = 1020;
				ORGANIZATIONNAME = "Muchamad Chozinul Amri";
				TargetAttributes = {
					C16177C822A2A619005E2AF5 = {
						CreatedOnToolsVersion = 10.2.1;
					};
					C16177DF22A2A61C005E2AF5 = {
						CreatedOnToolsVersion = 10.2.1;
						TestTargetID = C16177C822A2A619005E2AF5;
					};
				};
			};
			buildConfigurationList = C16177C422A2A619005E2AF5 /* Build configuration list for PBXProject "Weather" */;
			compatibilityVersion = "Xcode 9.3";
			developmentRegion = en;
			hasScannedForEncodings = 0;
			knownRegions = (
				en,
				Base,
			);
			mainGroup = C16177C022A2A619005E2AF5;
			productRefGroup = C16177CA22A2A619005E2AF5 /* Products */;
			projectDirPath = "";
			projectRoot = "";
			targets = (
				C16177C822A2A619005E2AF5 /* Weather */,
				C16177DF22A2A61C005E2AF5 /* WeatherTests */,
			);
		};
/* End PBXProject section */

/* Begin PBXResourcesBuildPhase section */
		C16177C722A2A619005E2AF5 /* Resources */ = {
			isa = PBXResourcesBuildPhase;
			buildActionMask = 2147483647;
			files = (
				C16177DA22A2A61C005E2AF5 /* LaunchScreen.storyboard in Resources */,
				C16177D722A2A61C005E2AF5 /* Assets.xcassets in Resources */,
				C16177D222A2A619005E2AF5 /* Main.storyboard in Resources */,
			);
			runOnlyForDeploymentPostprocessing = 0;
		};
		C16177DE22A2A61C005E2AF5 /* Resources */ = {
			isa = PBXResourcesBuildPhase;
			buildActionMask = 2147483647;
			files = (
			);
			runOnlyForDeploymentPostprocessing = 0;
		};
/* End PBXResourcesBuildPhase section */

/* Begin PBXSourcesBuildPhase section */
		C16177C522A2A619005E2AF5 /* Sources */ = {
			isa = PBXSourcesBuildPhase;
			buildActionMask = 2147483647;
			files = (
				C16177D522A2A619005E2AF5 /* Weather.xcdatamodeld in Sources */,
				C16177FA22A2A797005E2AF5 /* MainCoordinator.swift in Sources */,
				C16177F622A2A747005E2AF5 /* Storyboarded.swift in Sources */,
				C16177F822A2A774005E2AF5 /* Coordinator.swift in Sources */,
				C16177CF22A2A619005E2AF5 /* ForecastViewController.swift in Sources */,
				C16177CD22A2A619005E2AF5 /* AppDelegate.swift in Sources */,
			);
			runOnlyForDeploymentPostprocessing = 0;
		};
		C16177DC22A2A61C005E2AF5 /* Sources */ = {
			isa = PBXSourcesBuildPhase;
			buildActionMask = 2147483647;
			files = (
				C16177E522A2A61C005E2AF5 /* WeatherTests.swift in Sources */,
			);
			runOnlyForDeploymentPostprocessing = 0;
		};
/* End PBXSourcesBuildPhase section */

/* Begin PBXTargetDependency section */
		C16177E222A2A61C005E2AF5 /* PBXTargetDependency */ = {
			isa = PBXTargetDependency;
			target = C16177C822A2A619005E2AF5 /* Weather */;
			targetProxy = C16177E122A2A61C005E2AF5 /* PBXContainerItemProxy */;
		};
/* End PBXTargetDependency section */

/* Begin PBXVariantGroup section */
		C16177D022A2A619005E2AF5 /* Main.storyboard */ = {
			isa = PBXVariantGroup;
			children = (
				C16177D122A2A619005E2AF5 /* Base */,
			);
			name = Main.storyboard;
			sourceTree = "<group>";
		};
		C16177D822A2A61C005E2AF5 /* LaunchScreen.storyboard */ = {
			isa = PBXVariantGroup;
			children = (
				C16177D922A2A61C005E2AF5 /* Base */,
			);
			name = LaunchScreen.storyboard;
			sourceTree = "<group>";
		};
/* End PBXVariantGroup section */

/* Begin XCBuildConfiguration section */
		C16177E722A2A61C005E2AF5 /* Debug */ = {
			isa = XCBuildConfiguration;
			buildSettings = {
				ALWAYS_SEARCH_USER_PATHS = NO;
				CLANG_ANALYZER_NONNULL = YES;
				CLANG_ANALYZER_NUMBER_OBJECT_CONVERSION = YES_AGGRESSIVE;
				CLANG_CXX_LANGUAGE_STANDARD = "gnu++14";
				CLANG_CXX_LIBRARY = "libc++";
				CLANG_ENABLE_MODULES = YES;
				CLANG_ENABLE_OBJC_ARC = YES;
				CLANG_ENABLE_OBJC_WEAK = YES;
				CLANG_WARN_BLOCK_CAPTURE_AUTORELEASING = YES;
				CLANG_WARN_BOOL_CONVERSION = YES;
				CLANG_WARN_COMMA = YES;
				CLANG_WARN_CONSTANT_CONVERSION = YES;
				CLANG_WARN_DEPRECATED_OBJC_IMPLEMENTATIONS = YES;
				CLANG_WARN_DIRECT_OBJC_ISA_USAGE = YES_ERROR;
				CLANG_WARN_DOCUMENTATION_COMMENTS = YES;
				CLANG_WARN_EMPTY_BODY = YES;
				CLANG_WARN_ENUM_CONVERSION = YES;
				CLANG_WARN_INFINITE_RECURSION = YES;
				CLANG_WARN_INT_CONVERSION = YES;
				CLANG_WARN_NON_LITERAL_NULL_CONVERSION = YES;
				CLANG_WARN_OBJC_IMPLICIT_RETAIN_SELF = YES;
				CLANG_WARN_OBJC_LITERAL_CONVERSION = YES;
				CLANG_WARN_OBJC_ROOT_CLASS = YES_ERROR;
				CLANG_WARN_RANGE_LOOP_ANALYSIS = YES;
				CLANG_WARN_STRICT_PROTOTYPES = YES;
				CLANG_WARN_SUSPICIOUS_MOVE = YES;
				CLANG_WARN_UNGUARDED_AVAILABILITY = YES_AGGRESSIVE;
				CLANG_WARN_UNREACHABLE_CODE = YES;
				CLANG_WARN__DUPLICATE_METHOD_MATCH = YES;
				CODE_SIGN_IDENTITY = "iPhone Developer";
				COPY_PHASE_STRIP = NO;
				DEBUG_INFORMATION_FORMAT = dwarf;
				ENABLE_STRICT_OBJC_MSGSEND = YES;
				ENABLE_TESTABILITY = YES;
				GCC_C_LANGUAGE_STANDARD = gnu11;
				GCC_DYNAMIC_NO_PIC = NO;
				GCC_NO_COMMON_BLOCKS = YES;
				GCC_OPTIMIZATION_LEVEL = 0;
				GCC_PREPROCESSOR_DEFINITIONS = (
					"DEBUG=1",
					"$(inherited)",
				);
				GCC_WARN_64_TO_32_BIT_CONVERSION = YES;
				GCC_WARN_ABOUT_RETURN_TYPE = YES_ERROR;
				GCC_WARN_UNDECLARED_SELECTOR = YES;
				GCC_WARN_UNINITIALIZED_AUTOS = YES_AGGRESSIVE;
				GCC_WARN_UNUSED_FUNCTION = YES;
				GCC_WARN_UNUSED_VARIABLE = YES;
				IPHONEOS_DEPLOYMENT_TARGET = 12.2;
				MTL_ENABLE_DEBUG_INFO = INCLUDE_SOURCE;
				MTL_FAST_MATH = YES;
				ONLY_ACTIVE_ARCH = YES;
				SDKROOT = iphoneos;
				SWIFT_ACTIVE_COMPILATION_CONDITIONS = DEBUG;
				SWIFT_OPTIMIZATION_LEVEL = "-Onone";
			};
			name = Debug;
		};
		C16177E822A2A61C005E2AF5 /* Release */ = {
			isa = XCBuildConfiguration;
			buildSettings = {
				ALWAYS_SEARCH_USER_PATHS = NO;
				CLANG_ANALYZER_NONNULL = YES;
				CLANG_ANALYZER_NUMBER_OBJECT_CONVERSION = YES_AGGRESSIVE;
				CLANG_CXX_LANGUAGE_STANDARD = "gnu++14";
				CLANG_CXX_LIBRARY = "libc++";
				CLANG_ENABLE_MODULES = YES;
				CLANG_ENABLE_OBJC_ARC = YES;
				CLANG_ENABLE_OBJC_WEAK = YES;
				CLANG_WARN_BLOCK_CAPTURE_AUTORELEASING = YES;
				CLANG_WARN_BOOL_CONVERSION = YES;
				CLANG_WARN_COMMA = YES;
				CLANG_WARN_CONSTANT_CONVERSION = YES;
				CLANG_WARN_DEPRECATED_OBJC_IMPLEMENTATIONS = YES;
				CLANG_WARN_DIRECT_OBJC_ISA_USAGE = YES_ERROR;
				CLANG_WARN_DOCUMENTATION_COMMENTS = YES;
				CLANG_WARN_EMPTY_BODY = YES;
				CLANG_WARN_ENUM_CONVERSION = YES;
				CLANG_WARN_INFINITE_RECURSION = YES;
				CLANG_WARN_INT_CONVERSION = YES;
				CLANG_WARN_NON_LITERAL_NULL_CONVERSION = YES;
				CLANG_WARN_OBJC_IMPLICIT_RETAIN_SELF = YES;
				CLANG_WARN_OBJC_LITERAL_CONVERSION = YES;
				CLANG_WARN_OBJC_ROOT_CLASS = YES_ERROR;
				CLANG_WARN_RANGE_LOOP_ANALYSIS = YES;
				CLANG_WARN_STRICT_PROTOTYPES = YES;
				CLANG_WARN_SUSPICIOUS_MOVE = YES;
				CLANG_WARN_UNGUARDED_AVAILABILITY = YES_AGGRESSIVE;
				CLANG_WARN_UNREACHABLE_CODE = YES;
				CLANG_WARN__DUPLICATE_METHOD_MATCH = YES;
				CODE_SIGN_IDENTITY = "iPhone Developer";
				COPY_PHASE_STRIP = NO;
				DEBUG_INFORMATION_FORMAT = "dwarf-with-dsym";
				ENABLE_NS_ASSERTIONS = NO;
				ENABLE_STRICT_OBJC_MSGSEND = YES;
				GCC_C_LANGUAGE_STANDARD = gnu11;
				GCC_NO_COMMON_BLOCKS = YES;
				GCC_WARN_64_TO_32_BIT_CONVERSION = YES;
				GCC_WARN_ABOUT_RETURN_TYPE = YES_ERROR;
				GCC_WARN_UNDECLARED_SELECTOR = YES;
				GCC_WARN_UNINITIALIZED_AUTOS = YES_AGGRESSIVE;
				GCC_WARN_UNUSED_FUNCTION = YES;
				GCC_WARN_UNUSED_VARIABLE = YES;
				IPHONEOS_DEPLOYMENT_TARGET = 12.2;
				MTL_ENABLE_DEBUG_INFO = NO;
				MTL_FAST_MATH = YES;
				SDKROOT = iphoneos;
				SWIFT_COMPILATION_MODE = wholemodule;
				SWIFT_OPTIMIZATION_LEVEL = "-O";
				VALIDATE_PRODUCT = YES;
			};
			name = Release;
		};
		C16177EA22A2A61C005E2AF5 /* Debug */ = {
			isa = XCBuildConfiguration;
			buildSettings = {
				ASSETCATALOG_COMPILER_APPICON_NAME = AppIcon;
				CODE_SIGN_STYLE = Automatic;
				DEVELOPMENT_TEAM = 9T73B6L4GQ;
				INFOPLIST_FILE = Weather/Info.plist;
				LD_RUNPATH_SEARCH_PATHS = (
					"$(inherited)",
					"@executable_path/Frameworks",
				);
				PRODUCT_BUNDLE_IDENTIFIER = com.chozinul.Weather;
				PRODUCT_NAME = "$(TARGET_NAME)";
				SWIFT_VERSION = 5.0;
				TARGETED_DEVICE_FAMILY = "1,2";
			};
			name = Debug;
		};
		C16177EB22A2A61C005E2AF5 /* Release */ = {
			isa = XCBuildConfiguration;
			buildSettings = {
				ASSETCATALOG_COMPILER_APPICON_NAME = AppIcon;
				CODE_SIGN_STYLE = Automatic;
				DEVELOPMENT_TEAM = 9T73B6L4GQ;
				INFOPLIST_FILE = Weather/Info.plist;
				LD_RUNPATH_SEARCH_PATHS = (
					"$(inherited)",
					"@executable_path/Frameworks",
				);
				PRODUCT_BUNDLE_IDENTIFIER = com.chozinul.Weather;
				PRODUCT_NAME = "$(TARGET_NAME)";
				SWIFT_VERSION = 5.0;
				TARGETED_DEVICE_FAMILY = "1,2";
			};
			name = Release;
		};
		C16177ED22A2A61C005E2AF5 /* Debug */ = {
			isa = XCBuildConfiguration;
			buildSettings = {
				ALWAYS_EMBED_SWIFT_STANDARD_LIBRARIES = YES;
				BUNDLE_LOADER = "$(TEST_HOST)";
				CODE_SIGN_STYLE = Automatic;
				DEVELOPMENT_TEAM = 9T73B6L4GQ;
				INFOPLIST_FILE = WeatherTests/Info.plist;
				LD_RUNPATH_SEARCH_PATHS = (
					"$(inherited)",
					"@executable_path/Frameworks",
					"@loader_path/Frameworks",
				);
				PRODUCT_BUNDLE_IDENTIFIER = com.chozinul.WeatherTests;
				PRODUCT_NAME = "$(TARGET_NAME)";
				SWIFT_VERSION = 5.0;
				TARGETED_DEVICE_FAMILY = "1,2";
				TEST_HOST = "$(BUILT_PRODUCTS_DIR)/Weather.app/Weather";
			};
			name = Debug;
		};
		C16177EE22A2A61C005E2AF5 /* Release */ = {
			isa = XCBuildConfiguration;
			buildSettings = {
				ALWAYS_EMBED_SWIFT_STANDARD_LIBRARIES = YES;
				BUNDLE_LOADER = "$(TEST_HOST)";
				CODE_SIGN_STYLE = Automatic;
				DEVELOPMENT_TEAM = 9T73B6L4GQ;
				INFOPLIST_FILE = WeatherTests/Info.plist;
				LD_RUNPATH_SEARCH_PATHS = (
					"$(inherited)",
					"@executable_path/Frameworks",
					"@loader_path/Frameworks",
				);
				PRODUCT_BUNDLE_IDENTIFIER = com.chozinul.WeatherTests;
				PRODUCT_NAME = "$(TARGET_NAME)";
				SWIFT_VERSION = 5.0;
				TARGETED_DEVICE_FAMILY = "1,2";
				TEST_HOST = "$(BUILT_PRODUCTS_DIR)/Weather.app/Weather";
			};
			name = Release;
		};
/* End XCBuildConfiguration section */

/* Begin XCConfigurationList section */
		C16177C422A2A619005E2AF5 /* Build configuration list for PBXProject "Weather" */ = {
			isa = XCConfigurationList;
			buildConfigurations = (
				C16177E722A2A61C005E2AF5 /* Debug */,
				C16177E822A2A61C005E2AF5 /* Release */,
			);
			defaultConfigurationIsVisible = 0;
			defaultConfigurationName = Release;
		};
		C16177E922A2A61C005E2AF5 /* Build configuration list for PBXNativeTarget "Weather" */ = {
			isa = XCConfigurationList;
			buildConfigurations = (
				C16177EA22A2A61C005E2AF5 /* Debug */,
				C16177EB22A2A61C005E2AF5 /* Release */,
			);
			defaultConfigurationIsVisible = 0;
			defaultConfigurationName = Release;
		};
		C16177EC22A2A61C005E2AF5 /* Build configuration list for PBXNativeTarget "WeatherTests" */ = {
			isa = XCConfigurationList;
			buildConfigurations = (
				C16177ED22A2A61C005E2AF5 /* Debug */,
				C16177EE22A2A61C005E2AF5 /* Release */,
			);
			defaultConfigurationIsVisible = 0;
			defaultConfigurationName = Release;
		};
/* End XCConfigurationList section */

/* Begin XCVersionGroup section */
		C16177D322A2A619005E2AF5 /* Weather.xcdatamodeld */ = {
			isa = XCVersionGroup;
			children = (
				C16177D422A2A619005E2AF5 /* Weather.xcdatamodel */,
			);
			currentVersion = C16177D422A2A619005E2AF5 /* Weather.xcdatamodel */;
			path = Weather.xcdatamodeld;
			sourceTree = "<group>";
			versionGroupType = wrapper.xcdatamodel;
		};
/* End XCVersionGroup section */
	};
	rootObject = C16177C122A2A619005E2AF5 /* Project object */;
}
